dependencies:
- name: developer-dashboard
  repository: https://ibm-garage-cloud.github.io/toolkit-charts/
  version: 1.1.1
- name: tool-config
  repository: https://ibm-garage-cloud.github.io/toolkit-charts/
  version: 0.7.0
digest: sha256:b289ede0dad91bac868d3a316ce97485775469663c45d3e3d73bd0544efeaa8e
generated: "2020-07-10T09:07:16.456534-05:00"
