dependencies:
- name: developer-dashboard
  repository: https://ibm-garage-cloud.github.io/toolkit-charts/
  version: 1.2.1
- name: tool-config
  repository: https://ibm-garage-cloud.github.io/toolkit-charts/
  version: 0.8.1
digest: sha256:5eab4447be5503b48d8bbe1cd0a6349b5a125f9d8acdd768bc3554efe2a6561c
generated: "2020-09-14T21:27:50.711226-05:00"
